
Microsoft Visual Studio Solution File, Format Version 12.00
# Visual Studio Version 16
VisualStudioVersion = 16.0.29920.165
MinimumVisualStudioVersion = 10.0.40219.1
Project("{FAE04EC0-301F-11D3-BF4B-00C04F79EFBC}") = "339-A Helpful Maths", "339-A Helpful Maths\339-A Helpful Maths.csproj", "{5E7A997D-BDC3-4EAC-8559-D22CDDBB8487}"
EndProject
Global
	GlobalSection(SolutionConfigurationPlatforms) = preSolution
		Debug|Any CPU = Debug|Any CPU
		Release|Any CPU = Release|Any CPU
	EndGlobalSection
	GlobalSection(ProjectConfigurationPlatforms) = postSolution
		{5E7A997D-BDC3-4EAC-8559-D22CDDBB8487}.Debug|Any CPU.ActiveCfg = Debug|Any CPU
		{5E7A997D-BDC3-4EAC-8559-D22CDDBB8487}.Debug|Any CPU.Build.0 = Debug|Any CPU
		{5E7A997D-BDC3-4EAC-8559-D22CDDBB8487}.Release|Any CPU.ActiveCfg = Release|Any CPU
		{5E7A997D-BDC3-4EAC-8559-D22CDDBB8487}.Release|Any CPU.Build.0 = Release|Any CPU
	EndGlobalSection
	GlobalSection(SolutionProperties) = preSolution
		HideSolutionNode = FALSE
	EndGlobalSection
	GlobalSection(ExtensibilityGlobals) = postSolution
		SolutionGuid = {845DE4D8-18AB-406D-9089-E6E89610E257}
	EndGlobalSection
EndGlobal
