
Microsoft Visual Studio Solution File, Format Version 12.00
# Visual Studio Version 16
VisualStudioVersion = 16.0.29920.165
MinimumVisualStudioVersion = 10.0.40219.1
Project("{FAE04EC0-301F-11D3-BF4B-00C04F79EFBC}") = "282-A Bit++", "282-A Bit++\282-A Bit++.csproj", "{59008C77-957B-401C-B5E4-A0C213DC2531}"
EndProject
Global
	GlobalSection(SolutionConfigurationPlatforms) = preSolution
		Debug|Any CPU = Debug|Any CPU
		Release|Any CPU = Release|Any CPU
	EndGlobalSection
	GlobalSection(ProjectConfigurationPlatforms) = postSolution
		{59008C77-957B-401C-B5E4-A0C213DC2531}.Debug|Any CPU.ActiveCfg = Debug|Any CPU
		{59008C77-957B-401C-B5E4-A0C213DC2531}.Debug|Any CPU.Build.0 = Debug|Any CPU
		{59008C77-957B-401C-B5E4-A0C213DC2531}.Release|Any CPU.ActiveCfg = Release|Any CPU
		{59008C77-957B-401C-B5E4-A0C213DC2531}.Release|Any CPU.Build.0 = Release|Any CPU
	EndGlobalSection
	GlobalSection(SolutionProperties) = preSolution
		HideSolutionNode = FALSE
	EndGlobalSection
	GlobalSection(ExtensibilityGlobals) = postSolution
		SolutionGuid = {C37FC984-BBD7-4BA1-9F8D-8C9144A3C457}
	EndGlobalSection
EndGlobal
