
Microsoft Visual Studio Solution File, Format Version 12.00
# Visual Studio Version 16
VisualStudioVersion = 16.0.29920.165
MinimumVisualStudioVersion = 10.0.40219.1
Project("{FAE04EC0-301F-11D3-BF4B-00C04F79EFBC}") = "71-A Way Too Long Words", "71-A Way Too Long Words\71-A Way Too Long Words.csproj", "{90394E0E-53CD-4B8F-AC3C-38DB71B489C9}"
EndProject
Global
	GlobalSection(SolutionConfigurationPlatforms) = preSolution
		Debug|Any CPU = Debug|Any CPU
		Release|Any CPU = Release|Any CPU
	EndGlobalSection
	GlobalSection(ProjectConfigurationPlatforms) = postSolution
		{90394E0E-53CD-4B8F-AC3C-38DB71B489C9}.Debug|Any CPU.ActiveCfg = Debug|Any CPU
		{90394E0E-53CD-4B8F-AC3C-38DB71B489C9}.Debug|Any CPU.Build.0 = Debug|Any CPU
		{90394E0E-53CD-4B8F-AC3C-38DB71B489C9}.Release|Any CPU.ActiveCfg = Release|Any CPU
		{90394E0E-53CD-4B8F-AC3C-38DB71B489C9}.Release|Any CPU.Build.0 = Release|Any CPU
	EndGlobalSection
	GlobalSection(SolutionProperties) = preSolution
		HideSolutionNode = FALSE
	EndGlobalSection
	GlobalSection(ExtensibilityGlobals) = postSolution
		SolutionGuid = {A0B7C581-C604-42A4-9759-46C40A7E3F61}
	EndGlobalSection
EndGlobal
