
Microsoft Visual Studio Solution File, Format Version 12.00
# Visual Studio Version 16
VisualStudioVersion = 16.0.29509.3
MinimumVisualStudioVersion = 10.0.40219.1
Project("{FAE04EC0-301F-11D3-BF4B-00C04F79EFBC}") = "GreatTheWork", "GreatTheWork\GreatTheWork.csproj", "{F0E62739-9D2B-4997-AB7D-C34AA01DAC2D}"
EndProject
Global
	GlobalSection(SolutionConfigurationPlatforms) = preSolution
		Debug|Any CPU = Debug|Any CPU
		Release|Any CPU = Release|Any CPU
	EndGlobalSection
	GlobalSection(ProjectConfigurationPlatforms) = postSolution
		{F0E62739-9D2B-4997-AB7D-C34AA01DAC2D}.Debug|Any CPU.ActiveCfg = Debug|Any CPU
		{F0E62739-9D2B-4997-AB7D-C34AA01DAC2D}.Debug|Any CPU.Build.0 = Debug|Any CPU
		{F0E62739-9D2B-4997-AB7D-C34AA01DAC2D}.Release|Any CPU.ActiveCfg = Release|Any CPU
		{F0E62739-9D2B-4997-AB7D-C34AA01DAC2D}.Release|Any CPU.Build.0 = Release|Any CPU
	EndGlobalSection
	GlobalSection(SolutionProperties) = preSolution
		HideSolutionNode = FALSE
	EndGlobalSection
	GlobalSection(ExtensibilityGlobals) = postSolution
		SolutionGuid = {C6D51E58-DE4A-4290-9696-3F96B6C24B9E}
	EndGlobalSection
EndGlobal
