
Microsoft Visual Studio Solution File, Format Version 12.00
# Visual Studio Version 16
VisualStudioVersion = 16.0.29509.3
MinimumVisualStudioVersion = 10.0.40219.1
Project("{FAE04EC0-301F-11D3-BF4B-00C04F79EFBC}") = "DCP-117 Not EasyNotHard", "DCP-117 Not EasyNotHard\DCP-117 Not EasyNotHard.csproj", "{73BDFA90-72D1-4719-98A1-96CB8F0D816B}"
EndProject
Global
	GlobalSection(SolutionConfigurationPlatforms) = preSolution
		Debug|Any CPU = Debug|Any CPU
		Release|Any CPU = Release|Any CPU
	EndGlobalSection
	GlobalSection(ProjectConfigurationPlatforms) = postSolution
		{73BDFA90-72D1-4719-98A1-96CB8F0D816B}.Debug|Any CPU.ActiveCfg = Debug|Any CPU
		{73BDFA90-72D1-4719-98A1-96CB8F0D816B}.Debug|Any CPU.Build.0 = Debug|Any CPU
		{73BDFA90-72D1-4719-98A1-96CB8F0D816B}.Release|Any CPU.ActiveCfg = Release|Any CPU
		{73BDFA90-72D1-4719-98A1-96CB8F0D816B}.Release|Any CPU.Build.0 = Release|Any CPU
	EndGlobalSection
	GlobalSection(SolutionProperties) = preSolution
		HideSolutionNode = FALSE
	EndGlobalSection
	GlobalSection(ExtensibilityGlobals) = postSolution
		SolutionGuid = {672D9A62-2EA4-4EB2-BCA2-08728DD7A8D0}
	EndGlobalSection
EndGlobal
