
Microsoft Visual Studio Solution File, Format Version 12.00
# Visual Studio Version 16
VisualStudioVersion = 16.0.29509.3
MinimumVisualStudioVersion = 10.0.40219.1
Project("{FAE04EC0-301F-11D3-BF4B-00C04F79EFBC}") = "DCP-46 JuHallOfFame", "DCP-46 JuHallOfFame\DCP-46 JuHallOfFame.csproj", "{80345105-E230-42B5-91CC-14CE15727A53}"
EndProject
Global
	GlobalSection(SolutionConfigurationPlatforms) = preSolution
		Debug|Any CPU = Debug|Any CPU
		Release|Any CPU = Release|Any CPU
	EndGlobalSection
	GlobalSection(ProjectConfigurationPlatforms) = postSolution
		{80345105-E230-42B5-91CC-14CE15727A53}.Debug|Any CPU.ActiveCfg = Debug|Any CPU
		{80345105-E230-42B5-91CC-14CE15727A53}.Debug|Any CPU.Build.0 = Debug|Any CPU
		{80345105-E230-42B5-91CC-14CE15727A53}.Release|Any CPU.ActiveCfg = Release|Any CPU
		{80345105-E230-42B5-91CC-14CE15727A53}.Release|Any CPU.Build.0 = Release|Any CPU
	EndGlobalSection
	GlobalSection(SolutionProperties) = preSolution
		HideSolutionNode = FALSE
	EndGlobalSection
	GlobalSection(ExtensibilityGlobals) = postSolution
		SolutionGuid = {0B110419-5277-4C70-A766-89015F771AD1}
	EndGlobalSection
EndGlobal
