
Microsoft Visual Studio Solution File, Format Version 12.00
# Visual Studio Version 16
VisualStudioVersion = 16.0.29920.165
MinimumVisualStudioVersion = 10.0.40219.1
Project("{FAE04EC0-301F-11D3-BF4B-00C04F79EFBC}") = "263-A Beautiful Matrix", "263-A Beautiful Matrix\263-A Beautiful Matrix.csproj", "{8B320A85-ACE7-4766-8297-296B877AB475}"
EndProject
Global
	GlobalSection(SolutionConfigurationPlatforms) = preSolution
		Debug|Any CPU = Debug|Any CPU
		Release|Any CPU = Release|Any CPU
	EndGlobalSection
	GlobalSection(ProjectConfigurationPlatforms) = postSolution
		{8B320A85-ACE7-4766-8297-296B877AB475}.Debug|Any CPU.ActiveCfg = Debug|Any CPU
		{8B320A85-ACE7-4766-8297-296B877AB475}.Debug|Any CPU.Build.0 = Debug|Any CPU
		{8B320A85-ACE7-4766-8297-296B877AB475}.Release|Any CPU.ActiveCfg = Release|Any CPU
		{8B320A85-ACE7-4766-8297-296B877AB475}.Release|Any CPU.Build.0 = Release|Any CPU
	EndGlobalSection
	GlobalSection(SolutionProperties) = preSolution
		HideSolutionNode = FALSE
	EndGlobalSection
	GlobalSection(ExtensibilityGlobals) = postSolution
		SolutionGuid = {0E42B3F9-4640-49E3-8D63-15EA90E99FCE}
	EndGlobalSection
EndGlobal
