
Microsoft Visual Studio Solution File, Format Version 12.00
# Visual Studio Version 16
VisualStudioVersion = 16.0.29920.165
MinimumVisualStudioVersion = 10.0.40219.1
Project("{FAE04EC0-301F-11D3-BF4B-00C04F79EFBC}") = "1220-A Cards", "1220-A Cards\1220-A Cards.csproj", "{760BD447-F467-4ACF-B323-505EE8887757}"
EndProject
Global
	GlobalSection(SolutionConfigurationPlatforms) = preSolution
		Debug|Any CPU = Debug|Any CPU
		Release|Any CPU = Release|Any CPU
	EndGlobalSection
	GlobalSection(ProjectConfigurationPlatforms) = postSolution
		{760BD447-F467-4ACF-B323-505EE8887757}.Debug|Any CPU.ActiveCfg = Debug|Any CPU
		{760BD447-F467-4ACF-B323-505EE8887757}.Debug|Any CPU.Build.0 = Debug|Any CPU
		{760BD447-F467-4ACF-B323-505EE8887757}.Release|Any CPU.ActiveCfg = Release|Any CPU
		{760BD447-F467-4ACF-B323-505EE8887757}.Release|Any CPU.Build.0 = Release|Any CPU
	EndGlobalSection
	GlobalSection(SolutionProperties) = preSolution
		HideSolutionNode = FALSE
	EndGlobalSection
	GlobalSection(ExtensibilityGlobals) = postSolution
		SolutionGuid = {F2CBBA88-5C19-40AA-84DF-449A2E388707}
	EndGlobalSection
EndGlobal
