
Microsoft Visual Studio Solution File, Format Version 12.00
# Visual Studio Version 16
VisualStudioVersion = 16.0.29509.3
MinimumVisualStudioVersion = 10.0.40219.1
Project("{FAE04EC0-301F-11D3-BF4B-00C04F79EFBC}") = "DCP-35 Square Number", "DCP-35 Square Number\DCP-35 Square Number.csproj", "{53B64C62-0FA2-4873-A34F-76D1C48FAF7A}"
EndProject
Global
	GlobalSection(SolutionConfigurationPlatforms) = preSolution
		Debug|Any CPU = Debug|Any CPU
		Release|Any CPU = Release|Any CPU
	EndGlobalSection
	GlobalSection(ProjectConfigurationPlatforms) = postSolution
		{53B64C62-0FA2-4873-A34F-76D1C48FAF7A}.Debug|Any CPU.ActiveCfg = Debug|Any CPU
		{53B64C62-0FA2-4873-A34F-76D1C48FAF7A}.Debug|Any CPU.Build.0 = Debug|Any CPU
		{53B64C62-0FA2-4873-A34F-76D1C48FAF7A}.Release|Any CPU.ActiveCfg = Release|Any CPU
		{53B64C62-0FA2-4873-A34F-76D1C48FAF7A}.Release|Any CPU.Build.0 = Release|Any CPU
	EndGlobalSection
	GlobalSection(SolutionProperties) = preSolution
		HideSolutionNode = FALSE
	EndGlobalSection
	GlobalSection(ExtensibilityGlobals) = postSolution
		SolutionGuid = {A53F996E-5D83-4B0A-B385-703D9FA69067}
	EndGlobalSection
EndGlobal
