
Microsoft Visual Studio Solution File, Format Version 12.00
# Visual Studio Version 16
VisualStudioVersion = 16.0.29509.3
MinimumVisualStudioVersion = 10.0.40219.1
Project("{FAE04EC0-301F-11D3-BF4B-00C04F79EFBC}") = "DCP-194NumberFormatting", "DCP-194NumberFormatting\DCP-194NumberFormatting.csproj", "{74BB8D1D-389C-4568-8C42-3559A6837557}"
EndProject
Global
	GlobalSection(SolutionConfigurationPlatforms) = preSolution
		Debug|Any CPU = Debug|Any CPU
		Release|Any CPU = Release|Any CPU
	EndGlobalSection
	GlobalSection(ProjectConfigurationPlatforms) = postSolution
		{74BB8D1D-389C-4568-8C42-3559A6837557}.Debug|Any CPU.ActiveCfg = Debug|Any CPU
		{74BB8D1D-389C-4568-8C42-3559A6837557}.Debug|Any CPU.Build.0 = Debug|Any CPU
		{74BB8D1D-389C-4568-8C42-3559A6837557}.Release|Any CPU.ActiveCfg = Release|Any CPU
		{74BB8D1D-389C-4568-8C42-3559A6837557}.Release|Any CPU.Build.0 = Release|Any CPU
	EndGlobalSection
	GlobalSection(SolutionProperties) = preSolution
		HideSolutionNode = FALSE
	EndGlobalSection
	GlobalSection(ExtensibilityGlobals) = postSolution
		SolutionGuid = {53FCDFBE-96A0-4D6C-A806-E0BF91825FF7}
	EndGlobalSection
EndGlobal
