
Microsoft Visual Studio Solution File, Format Version 12.00
# Visual Studio Version 16
VisualStudioVersion = 16.0.29509.3
MinimumVisualStudioVersion = 10.0.40219.1
Project("{FAE04EC0-301F-11D3-BF4B-00C04F79EFBC}") = "BanglaWash", "BanglaWash\BanglaWash.csproj", "{BE3BFB0C-A095-4C67-9BF9-DE65F9847A68}"
EndProject
Global
	GlobalSection(SolutionConfigurationPlatforms) = preSolution
		Debug|Any CPU = Debug|Any CPU
		Release|Any CPU = Release|Any CPU
	EndGlobalSection
	GlobalSection(ProjectConfigurationPlatforms) = postSolution
		{BE3BFB0C-A095-4C67-9BF9-DE65F9847A68}.Debug|Any CPU.ActiveCfg = Debug|Any CPU
		{BE3BFB0C-A095-4C67-9BF9-DE65F9847A68}.Debug|Any CPU.Build.0 = Debug|Any CPU
		{BE3BFB0C-A095-4C67-9BF9-DE65F9847A68}.Release|Any CPU.ActiveCfg = Release|Any CPU
		{BE3BFB0C-A095-4C67-9BF9-DE65F9847A68}.Release|Any CPU.Build.0 = Release|Any CPU
	EndGlobalSection
	GlobalSection(SolutionProperties) = preSolution
		HideSolutionNode = FALSE
	EndGlobalSection
	GlobalSection(ExtensibilityGlobals) = postSolution
		SolutionGuid = {F786DD2C-B7E1-4493-8DA4-FFAC0B4079B1}
	EndGlobalSection
EndGlobal
