
Microsoft Visual Studio Solution File, Format Version 12.00
# Visual Studio Version 16
VisualStudioVersion = 16.0.29509.3
MinimumVisualStudioVersion = 10.0.40219.1
Project("{FAE04EC0-301F-11D3-BF4B-00C04F79EFBC}") = "DCP 30 CountIT", "DCP 30 CountIT\DCP 30 CountIT.csproj", "{0320395A-92F3-4B0B-8830-97CF5B5D445E}"
EndProject
Global
	GlobalSection(SolutionConfigurationPlatforms) = preSolution
		Debug|Any CPU = Debug|Any CPU
		Release|Any CPU = Release|Any CPU
	EndGlobalSection
	GlobalSection(ProjectConfigurationPlatforms) = postSolution
		{0320395A-92F3-4B0B-8830-97CF5B5D445E}.Debug|Any CPU.ActiveCfg = Debug|Any CPU
		{0320395A-92F3-4B0B-8830-97CF5B5D445E}.Debug|Any CPU.Build.0 = Debug|Any CPU
		{0320395A-92F3-4B0B-8830-97CF5B5D445E}.Release|Any CPU.ActiveCfg = Release|Any CPU
		{0320395A-92F3-4B0B-8830-97CF5B5D445E}.Release|Any CPU.Build.0 = Release|Any CPU
	EndGlobalSection
	GlobalSection(SolutionProperties) = preSolution
		HideSolutionNode = FALSE
	EndGlobalSection
	GlobalSection(ExtensibilityGlobals) = postSolution
		SolutionGuid = {A191AA96-809E-4DFE-983C-78059455E82A}
	EndGlobalSection
EndGlobal
