
Microsoft Visual Studio Solution File, Format Version 12.00
# Visual Studio Version 16
VisualStudioVersion = 16.0.29806.167
MinimumVisualStudioVersion = 10.0.40219.1
Project("{FAE04EC0-301F-11D3-BF4B-00C04F79EFBC}") = "DCP-27 Is It Prime", "DCP-27 Is It Prime\DCP-27 Is It Prime.csproj", "{6B0ACED8-0AE1-4233-8E3C-B574149708B1}"
EndProject
Global
	GlobalSection(SolutionConfigurationPlatforms) = preSolution
		Debug|Any CPU = Debug|Any CPU
		Release|Any CPU = Release|Any CPU
	EndGlobalSection
	GlobalSection(ProjectConfigurationPlatforms) = postSolution
		{6B0ACED8-0AE1-4233-8E3C-B574149708B1}.Debug|Any CPU.ActiveCfg = Debug|Any CPU
		{6B0ACED8-0AE1-4233-8E3C-B574149708B1}.Debug|Any CPU.Build.0 = Debug|Any CPU
		{6B0ACED8-0AE1-4233-8E3C-B574149708B1}.Release|Any CPU.ActiveCfg = Release|Any CPU
		{6B0ACED8-0AE1-4233-8E3C-B574149708B1}.Release|Any CPU.Build.0 = Release|Any CPU
	EndGlobalSection
	GlobalSection(SolutionProperties) = preSolution
		HideSolutionNode = FALSE
	EndGlobalSection
	GlobalSection(ExtensibilityGlobals) = postSolution
		SolutionGuid = {257FD873-ADAD-45F4-B3CD-692A93EA5056}
	EndGlobalSection
EndGlobal
