
Microsoft Visual Studio Solution File, Format Version 12.00
# Visual Studio Version 16
VisualStudioVersion = 16.0.29806.167
MinimumVisualStudioVersion = 10.0.40219.1
Project("{FAE04EC0-301F-11D3-BF4B-00C04F79EFBC}") = "DCP 20-Back To School", "DCP 20-Back To School\DCP 20-Back To School.csproj", "{C10CD883-9F9B-4238-8483-4D63D7B0B531}"
EndProject
Global
	GlobalSection(SolutionConfigurationPlatforms) = preSolution
		Debug|Any CPU = Debug|Any CPU
		Release|Any CPU = Release|Any CPU
	EndGlobalSection
	GlobalSection(ProjectConfigurationPlatforms) = postSolution
		{C10CD883-9F9B-4238-8483-4D63D7B0B531}.Debug|Any CPU.ActiveCfg = Debug|Any CPU
		{C10CD883-9F9B-4238-8483-4D63D7B0B531}.Debug|Any CPU.Build.0 = Debug|Any CPU
		{C10CD883-9F9B-4238-8483-4D63D7B0B531}.Release|Any CPU.ActiveCfg = Release|Any CPU
		{C10CD883-9F9B-4238-8483-4D63D7B0B531}.Release|Any CPU.Build.0 = Release|Any CPU
	EndGlobalSection
	GlobalSection(SolutionProperties) = preSolution
		HideSolutionNode = FALSE
	EndGlobalSection
	GlobalSection(ExtensibilityGlobals) = postSolution
		SolutionGuid = {B4D9381F-3F88-4F21-BC75-7F04D5F2E865}
	EndGlobalSection
EndGlobal
