
Microsoft Visual Studio Solution File, Format Version 12.00
# Visual Studio Version 16
VisualStudioVersion = 16.0.29509.3
MinimumVisualStudioVersion = 10.0.40219.1
Project("{FAE04EC0-301F-11D3-BF4B-00C04F79EFBC}") = "ProblemSolving", "ProblemSolving\ProblemSolving.csproj", "{A6319C3A-D046-4838-91A4-E435428E0026}"
EndProject
Global
	GlobalSection(SolutionConfigurationPlatforms) = preSolution
		Debug|Any CPU = Debug|Any CPU
		Release|Any CPU = Release|Any CPU
	EndGlobalSection
	GlobalSection(ProjectConfigurationPlatforms) = postSolution
		{A6319C3A-D046-4838-91A4-E435428E0026}.Debug|Any CPU.ActiveCfg = Debug|Any CPU
		{A6319C3A-D046-4838-91A4-E435428E0026}.Debug|Any CPU.Build.0 = Debug|Any CPU
		{A6319C3A-D046-4838-91A4-E435428E0026}.Release|Any CPU.ActiveCfg = Release|Any CPU
		{A6319C3A-D046-4838-91A4-E435428E0026}.Release|Any CPU.Build.0 = Release|Any CPU
	EndGlobalSection
	GlobalSection(SolutionProperties) = preSolution
		HideSolutionNode = FALSE
	EndGlobalSection
	GlobalSection(ExtensibilityGlobals) = postSolution
		SolutionGuid = {C8DC77BA-85A8-40D7-9772-B671D02EB49C}
	EndGlobalSection
EndGlobal
